// !$*UTF8*$!
{
	archiveVersion = 1;
	classes = {
	};
	objectVersion = 46;
	objects = {

/* Begin PBXBuildFile section */
		4F09964B1F9A430800C68628 /* AppDelegate.swift in Sources */ = {isa = PBXBuildFile; fileRef = 4F09964A1F9A430800C68628 /* AppDelegate.swift */; };
		4F09964D1F9A430800C68628 /* ViewController.swift in Sources */ = {isa = PBXBuildFile; fileRef = 4F09964C1F9A430800C68628 /* ViewController.swift */; };
		4F0996501F9A430800C68628 /* Main.storyboard in Resources */ = {isa = PBXBuildFile; fileRef = 4F09964E1F9A430800C68628 /* Main.storyboard */; };
		4F0996521F9A430800C68628 /* Assets.xcassets in Resources */ = {isa = PBXBuildFile; fileRef = 4F0996511F9A430800C68628 /* Assets.xcassets */; };
		4F0996551F9A430800C68628 /* LaunchScreen.storyboard in Resources */ = {isa = PBXBuildFile; fileRef = 4F0996531F9A430800C68628 /* LaunchScreen.storyboard */; };
		4F0996601F9A430800C68628 /* JustGrowTests.swift in Sources */ = {isa = PBXBuildFile; fileRef = 4F09965F1F9A430800C68628 /* JustGrowTests.swift */; };
		4F09966B1F9A430800C68628 /* JustGrowUITests.swift in Sources */ = {isa = PBXBuildFile; fileRef = 4F09966A1F9A430800C68628 /* JustGrowUITests.swift */; };
		4F92E1281F9C31580090BAB4 /* aboutUs.swift in Sources */ = {isa = PBXBuildFile; fileRef = 4F92E1271F9C31580090BAB4 /* aboutUs.swift */; };
/* End PBXBuildFile section */

/* Begin PBXContainerItemProxy section */
		4F09965C1F9A430800C68628 /* PBXContainerItemProxy */ = {
			isa = PBXContainerItemProxy;
			containerPortal = 4F09963F1F9A430800C68628 /* Project object */;
			proxyType = 1;
			remoteGlobalIDString = 4F0996461F9A430800C68628;
			remoteInfo = JustGrow;
		};
		4F0996671F9A430800C68628 /* PBXContainerItemProxy */ = {
			isa = PBXContainerItemProxy;
			containerPortal = 4F09963F1F9A430800C68628 /* Project object */;
			proxyType = 1;
			remoteGlobalIDString = 4F0996461F9A430800C68628;
			remoteInfo = JustGrow;
		};
/* End PBXContainerItemProxy section */

/* Begin PBXFileReference section */
		4F0996471F9A430800C68628 /* JustGrow.app */ = {isa = PBXFileReference; explicitFileType = wrapper.application; includeInIndex = 0; path = JustGrow.app; sourceTree = BUILT_PRODUCTS_DIR; };
		4F09964A1F9A430800C68628 /* AppDelegate.swift */ = {isa = PBXFileReference; lastKnownFileType = sourcecode.swift; path = AppDelegate.swift; sourceTree = "<group>"; };
		4F09964C1F9A430800C68628 /* ViewController.swift */ = {isa = PBXFileReference; lastKnownFileType = sourcecode.swift; path = ViewController.swift; sourceTree = "<group>"; };
		4F09964F1F9A430800C68628 /* Base */ = {isa = PBXFileReference; lastKnownFileType = file.storyboard; name = Base; path = Base.lproj/Main.storyboard; sourceTree = "<group>"; };
		4F0996511F9A430800C68628 /* Assets.xcassets */ = {isa = PBXFileReference; lastKnownFileType = folder.assetcatalog; path = Assets.xcassets; sourceTree = "<group>"; };
		4F0996541F9A430800C68628 /* Base */ = {isa = PBXFileReference; lastKnownFileType = file.storyboard; name = Base; path = Base.lproj/LaunchScreen.storyboard; sourceTree = "<group>"; };
		4F0996561F9A430800C68628 /* Info.plist */ = {isa = PBXFileReference; lastKnownFileType = text.plist.xml; path = Info.plist; sourceTree = "<group>"; };
		4F09965B1F9A430800C68628 /* JustGrowTests.xctest */ = {isa = PBXFileReference; explicitFileType = wrapper.cfbundle; includeInIndex = 0; path = JustGrowTests.xctest; sourceTree = BUILT_PRODUCTS_DIR; };
		4F09965F1F9A430800C68628 /* JustGrowTests.swift */ = {isa = PBXFileReference; lastKnownFileType = sourcecode.swift; path = JustGrowTests.swift; sourceTree = "<group>"; };
		4F0996611F9A430800C68628 /* Info.plist */ = {isa = PBXFileReference; lastKnownFileType = text.plist.xml; path = Info.plist; sourceTree = "<group>"; };
		4F0996661F9A430800C68628 /* JustGrowUITests.xctest */ = {isa = PBXFileReference; explicitFileType = wrapper.cfbundle; includeInIndex = 0; path = JustGrowUITests.xctest; sourceTree = BUILT_PRODUCTS_DIR; };
		4F09966A1F9A430800C68628 /* JustGrowUITests.swift */ = {isa = PBXFileReference; lastKnownFileType = sourcecode.swift; path = JustGrowUITests.swift; sourceTree = "<group>"; };
		4F09966C1F9A430800C68628 /* Info.plist */ = {isa = PBXFileReference; lastKnownFileType = text.plist.xml; path = Info.plist; sourceTree = "<group>"; };
		4F92E1271F9C31580090BAB4 /* aboutUs.swift */ = {isa = PBXFileReference; fileEncoding = 4; lastKnownFileType = sourcecode.swift; path = aboutUs.swift; sourceTree = "<group>"; };
/* End PBXFileReference section */

/* Begin PBXFrameworksBuildPhase section */
		4F0996441F9A430800C68628 /* Frameworks */ = {
			isa = PBXFrameworksBuildPhase;
			buildActionMask = 2147483647;
			files = (
			);
			runOnlyForDeploymentPostprocessing = 0;
		};
		4F0996581F9A430800C68628 /* Frameworks */ = {
			isa = PBXFrameworksBuildPhase;
			buildActionMask = 2147483647;
			files = (
			);
			runOnlyForDeploymentPostprocessing = 0;
		};
		4F0996631F9A430800C68628 /* Frameworks */ = {
			isa = PBXFrameworksBuildPhase;
			buildActionMask = 2147483647;
			files = (
			);
			runOnlyForDeploymentPostprocessing = 0;
		};
/* End PBXFrameworksBuildPhase section */

/* Begin PBXGroup section */
		4F09963E1F9A430800C68628 = {
			isa = PBXGroup;
			children = (
				4F0996491F9A430800C68628 /* JustGrow */,
				4F09965E1F9A430800C68628 /* JustGrowTests */,
				4F0996691F9A430800C68628 /* JustGrowUITests */,
				4F0996481F9A430800C68628 /* Products */,
			);
			sourceTree = "<group>";
		};
		4F0996481F9A430800C68628 /* Products */ = {
			isa = PBXGroup;
			children = (
				4F0996471F9A430800C68628 /* JustGrow.app */,
				4F09965B1F9A430800C68628 /* JustGrowTests.xctest */,
				4F0996661F9A430800C68628 /* JustGrowUITests.xctest */,
			);
			name = Products;
			sourceTree = "<group>";
		};
		4F0996491F9A430800C68628 /* JustGrow */ = {
			isa = PBXGroup;
			children = (
				4F09964A1F9A430800C68628 /* AppDelegate.swift */,
				4F09964C1F9A430800C68628 /* ViewController.swift */,
				4F09964E1F9A430800C68628 /* Main.storyboard */,
				4F92E1271F9C31580090BAB4 /* aboutUs.swift */,
				4F0996511F9A430800C68628 /* Assets.xcassets */,
				4F0996531F9A430800C68628 /* LaunchScreen.storyboard */,
				4F0996561F9A430800C68628 /* Info.plist */,
			);
			path = JustGrow;
			sourceTree = "<group>";
		};
		4F09965E1F9A430800C68628 /* JustGrowTests */ = {
			isa = PBXGroup;
			children = (
				4F09965F1F9A430800C68628 /* JustGrowTests.swift */,
				4F0996611F9A430800C68628 /* Info.plist */,
			);
			path = JustGrowTests;
			sourceTree = "<group>";
		};
		4F0996691F9A430800C68628 /* JustGrowUITests */ = {
			isa = PBXGroup;
			children = (
				4F09966A1F9A430800C68628 /* JustGrowUITests.swift */,
				4F09966C1F9A430800C68628 /* Info.plist */,
			);
			path = JustGrowUITests;
			sourceTree = "<group>";
		};
/* End PBXGroup section */

/* Begin PBXNativeTarget section */
		4F0996461F9A430800C68628 /* JustGrow */ = {
			isa = PBXNativeTarget;
			buildConfigurationList = 4F09966F1F9A430800C68628 /* Build configuration list for PBXNativeTarget "JustGrow" */;
			buildPhases = (
				4F0996431F9A430800C68628 /* Sources */,
				4F0996441F9A430800C68628 /* Frameworks */,
				4F0996451F9A430800C68628 /* Resources */,
			);
			buildRules = (
			);
			dependencies = (
			);
			name = JustGrow;
			productName = JustGrow;
			productReference = 4F0996471F9A430800C68628 /* JustGrow.app */;
			productType = "com.apple.product-type.application";
		};
		4F09965A1F9A430800C68628 /* JustGrowTests */ = {
			isa = PBXNativeTarget;
			buildConfigurationList = 4F0996721F9A430800C68628 /* Build configuration list for PBXNativeTarget "JustGrowTests" */;
			buildPhases = (
				4F0996571F9A430800C68628 /* Sources */,
				4F0996581F9A430800C68628 /* Frameworks */,
				4F0996591F9A430800C68628 /* Resources */,
			);
			buildRules = (
			);
			dependencies = (
				4F09965D1F9A430800C68628 /* PBXTargetDependency */,
			);
			name = JustGrowTests;
			productName = JustGrowTests;
			productReference = 4F09965B1F9A430800C68628 /* JustGrowTests.xctest */;
			productType = "com.apple.product-type.bundle.unit-test";
		};
		4F0996651F9A430800C68628 /* JustGrowUITests */ = {
			isa = PBXNativeTarget;
			buildConfigurationList = 4F0996751F9A430800C68628 /* Build configuration list for PBXNativeTarget "JustGrowUITests" */;
			buildPhases = (
				4F0996621F9A430800C68628 /* Sources */,
				4F0996631F9A430800C68628 /* Frameworks */,
				4F0996641F9A430800C68628 /* Resources */,
			);
			buildRules = (
			);
			dependencies = (
				4F0996681F9A430800C68628 /* PBXTargetDependency */,
			);
			name = JustGrowUITests;
			productName = JustGrowUITests;
			productReference = 4F0996661F9A430800C68628 /* JustGrowUITests.xctest */;
			productType = "com.apple.product-type.bundle.ui-testing";
		};
/* End PBXNativeTarget section */

/* Begin PBXProject section */
		4F09963F1F9A430800C68628 /* Project object */ = {
			isa = PBXProject;
			attributes = {
				LastSwiftUpdateCheck = 0830;
				LastUpgradeCheck = 0830;
				ORGANIZATIONNAME = NativeTech;
				TargetAttributes = {
					4F0996461F9A430800C68628 = {
						CreatedOnToolsVersion = 8.3.3;
						DevelopmentTeam = 6BY3HBVP6M;
						ProvisioningStyle = Automatic;
					};
					4F09965A1F9A430800C68628 = {
						CreatedOnToolsVersion = 8.3.3;
						ProvisioningStyle = Automatic;
						TestTargetID = 4F0996461F9A430800C68628;
					};
					4F0996651F9A430800C68628 = {
						CreatedOnToolsVersion = 8.3.3;
						ProvisioningStyle = Automatic;
						TestTargetID = 4F0996461F9A430800C68628;
					};
				};
			};
			buildConfigurationList = 4F0996421F9A430800C68628 /* Build configuration list for PBXProject "JustGrow" */;
			compatibilityVersion = "Xcode 3.2";
			developmentRegion = English;
			hasScannedForEncodings = 0;
			knownRegions = (
				en,
				Base,
			);
			mainGroup = 4F09963E1F9A430800C68628;
			productRefGroup = 4F0996481F9A430800C68628 /* Products */;
			projectDirPath = "";
			projectRoot = "";
			targets = (
				4F0996461F9A430800C68628 /* JustGrow */,
				4F09965A1F9A430800C68628 /* JustGrowTests */,
				4F0996651F9A430800C68628 /* JustGrowUITests */,
			);
		};
/* End PBXProject section */

/* Begin PBXResourcesBuildPhase section */
		4F0996451F9A430800C68628 /* Resources */ = {
			isa = PBXResourcesBuildPhase;
			buildActionMask = 2147483647;
			files = (
				4F0996551F9A430800C68628 /* LaunchScreen.storyboard in Resources */,
				4F0996521F9A430800C68628 /* Assets.xcassets in Resources */,
				4F0996501F9A430800C68628 /* Main.storyboard in Resources */,
			);
			runOnlyForDeploymentPostprocessing = 0;
		};
		4F0996591F9A430800C68628 /* Resources */ = {
			isa = PBXResourcesBuildPhase;
			buildActionMask = 2147483647;
			files = (
			);
			runOnlyForDeploymentPostprocessing = 0;
		};
		4F0996641F9A430800C68628 /* Resources */ = {
			isa = PBXResourcesBuildPhase;
			buildActionMask = 2147483647;
			files = (
			);
			runOnlyForDeploymentPostprocessing = 0;
		};
/* End PBXResourcesBuildPhase section */

/* Begin PBXSourcesBuildPhase section */
		4F0996431F9A430800C68628 /* Sources */ = {
			isa = PBXSourcesBuildPhase;
			buildActionMask = 2147483647;
			files = (
				4F09964D1F9A430800C68628 /* ViewController.swift in Sources */,
				4F92E1281F9C31580090BAB4 /* aboutUs.swift in Sources */,
				4F09964B1F9A430800C68628 /* AppDelegate.swift in Sources */,
			);
			runOnlyForDeploymentPostprocessing = 0;
		};
		4F0996571F9A430800C68628 /* Sources */ = {
			isa = PBXSourcesBuildPhase;
			buildActionMask = 2147483647;
			files = (
				4F0996601F9A430800C68628 /* JustGrowTests.swift in Sources */,
			);
			runOnlyForDeploymentPostprocessing = 0;
		};
		4F0996621F9A430800C68628 /* Sources */ = {
			isa = PBXSourcesBuildPhase;
			buildActionMask = 2147483647;
			files = (
				4F09966B1F9A430800C68628 /* JustGrowUITests.swift in Sources */,
			);
			runOnlyForDeploymentPostprocessing = 0;
		};
/* End PBXSourcesBuildPhase section */

/* Begin PBXTargetDependency section */
		4F09965D1F9A430800C68628 /* PBXTargetDependency */ = {
			isa = PBXTargetDependency;
			target = 4F0996461F9A430800C68628 /* JustGrow */;
			targetProxy = 4F09965C1F9A430800C68628 /* PBXContainerItemProxy */;
		};
		4F0996681F9A430800C68628 /* PBXTargetDependency */ = {
			isa = PBXTargetDependency;
			target = 4F0996461F9A430800C68628 /* JustGrow */;
			targetProxy = 4F0996671F9A430800C68628 /* PBXContainerItemProxy */;
		};
/* End PBXTargetDependency section */

/* Begin PBXVariantGroup section */
		4F09964E1F9A430800C68628 /* Main.storyboard */ = {
			isa = PBXVariantGroup;
			children = (
				4F09964F1F9A430800C68628 /* Base */,
			);
			name = Main.storyboard;
			sourceTree = "<group>";
		};
		4F0996531F9A430800C68628 /* LaunchScreen.storyboard */ = {
			isa = PBXVariantGroup;
			children = (
				4F0996541F9A430800C68628 /* Base */,
			);
			name = LaunchScreen.storyboard;
			sourceTree = "<group>";
		};
/* End PBXVariantGroup section */

/* Begin XCBuildConfiguration section */
		4F09966D1F9A430800C68628 /* Debug */ = {
			isa = XCBuildConfiguration;
			buildSettings = {
				ALWAYS_SEARCH_USER_PATHS = NO;
				CLANG_ANALYZER_NONNULL = YES;
				CLANG_ANALYZER_NUMBER_OBJECT_CONVERSION = YES_AGGRESSIVE;
				CLANG_CXX_LANGUAGE_STANDARD = "gnu++0x";
				CLANG_CXX_LIBRARY = "libc++";
				CLANG_ENABLE_MODULES = YES;
				CLANG_ENABLE_OBJC_ARC = YES;
				CLANG_WARN_BOOL_CONVERSION = YES;
				CLANG_WARN_CONSTANT_CONVERSION = YES;
				CLANG_WARN_DIRECT_OBJC_ISA_USAGE = YES_ERROR;
				CLANG_WARN_DOCUMENTATION_COMMENTS = YES;
				CLANG_WARN_EMPTY_BODY = YES;
				CLANG_WARN_ENUM_CONVERSION = YES;
				CLANG_WARN_INFINITE_RECURSION = YES;
				CLANG_WARN_INT_CONVERSION = YES;
				CLANG_WARN_OBJC_ROOT_CLASS = YES_ERROR;
				CLANG_WARN_SUSPICIOUS_MOVE = YES;
				CLANG_WARN_UNREACHABLE_CODE = YES;
				CLANG_WARN__DUPLICATE_METHOD_MATCH = YES;
				"CODE_SIGN_IDENTITY[sdk=iphoneos*]" = "iPhone Developer";
				COPY_PHASE_STRIP = NO;
				DEBUG_INFORMATION_FORMAT = dwarf;
				ENABLE_STRICT_OBJC_MSGSEND = YES;
				ENABLE_TESTABILITY = YES;
				GCC_C_LANGUAGE_STANDARD = gnu99;
				GCC_DYNAMIC_NO_PIC = NO;
				GCC_NO_COMMON_BLOCKS = YES;
				GCC_OPTIMIZATION_LEVEL = 0;
				GCC_PREPROCESSOR_DEFINITIONS = (
					"DEBUG=1",
					"$(inherited)",
				);
				GCC_WARN_64_TO_32_BIT_CONVERSION = YES;
				GCC_WARN_ABOUT_RETURN_TYPE = YES_ERROR;
				GCC_WARN_UNDECLARED_SELECTOR = YES;
				GCC_WARN_UNINITIALIZED_AUTOS = YES_AGGRESSIVE;
				GCC_WARN_UNUSED_FUNCTION = YES;
				GCC_WARN_UNUSED_VARIABLE = YES;
				IPHONEOS_DEPLOYMENT_TARGET = 10.3;
				MTL_ENABLE_DEBUG_INFO = YES;
				ONLY_ACTIVE_ARCH = YES;
				SDKROOT = iphoneos;
				SWIFT_ACTIVE_COMPILATION_CONDITIONS = DEBUG;
				SWIFT_OPTIMIZATION_LEVEL = "-Onone";
			};
			name = Debug;
		};
		4F09966E1F9A430800C68628 /* Release */ = {
			isa = XCBuildConfiguration;
			buildSettings = {
				ALWAYS_SEARCH_USER_PATHS = NO;
				CLANG_ANALYZER_NONNULL = YES;
				CLANG_ANALYZER_NUMBER_OBJECT_CONVERSION = YES_AGGRESSIVE;
				CLANG_CXX_LANGUAGE_STANDARD = "gnu++0x";
				CLANG_CXX_LIBRARY = "libc++";
				CLANG_ENABLE_MODULES = YES;
				CLANG_ENABLE_OBJC_ARC = YES;
				CLANG_WARN_BOOL_CONVERSION = YES;
				CLANG_WARN_CONSTANT_CONVERSION = YES;
				CLANG_WARN_DIRECT_OBJC_ISA_USAGE = YES_ERROR;
				CLANG_WARN_DOCUMENTATION_COMMENTS = YES;
				CLANG_WARN_EMPTY_BODY = YES;
				CLANG_WARN_ENUM_CONVERSION = YES;
				CLANG_WARN_INFINITE_RECURSION = YES;
				CLANG_WARN_INT_CONVERSION = YES;
				CLANG_WARN_OBJC_ROOT_CLASS = YES_ERROR;
				CLANG_WARN_SUSPICIOUS_MOVE = YES;
				CLANG_WARN_UNREACHABLE_CODE = YES;
				CLANG_WARN__DUPLICATE_METHOD_MATCH = YES;
				"CODE_SIGN_IDENTITY[sdk=iphoneos*]" = "iPhone Developer";
				COPY_PHASE_STRIP = NO;
				DEBUG_INFORMATION_FORMAT = "dwarf-with-dsym";
				ENABLE_NS_ASSERTIONS = NO;
				ENABLE_STRICT_OBJC_MSGSEND = YES;
				GCC_C_LANGUAGE_STANDARD = gnu99;
				GCC_NO_COMMON_BLOCKS = YES;
				GCC_WARN_64_TO_32_BIT_CONVERSION = YES;
				GCC_WARN_ABOUT_RETURN_TYPE = YES_ERROR;
				GCC_WARN_UNDECLARED_SELECTOR = YES;
				GCC_WARN_UNINITIALIZED_AUTOS = YES_AGGRESSIVE;
				GCC_WARN_UNUSED_FUNCTION = YES;
				GCC_WARN_UNUSED_VARIABLE = YES;
				IPHONEOS_DEPLOYMENT_TARGET = 10.3;
				MTL_ENABLE_DEBUG_INFO = NO;
				SDKROOT = iphoneos;
				SWIFT_OPTIMIZATION_LEVEL = "-Owholemodule";
				VALIDATE_PRODUCT = YES;
			};
			name = Release;
		};
		4F0996701F9A430800C68628 /* Debug */ = {
			isa = XCBuildConfiguration;
			buildSettings = {
				ASSETCATALOG_COMPILER_APPICON_NAME = AppIcon;
				DEVELOPMENT_TEAM = 6BY3HBVP6M;
				INFOPLIST_FILE = JustGrow/Info.plist;
				IPHONEOS_DEPLOYMENT_TARGET = 11.0;
				LD_RUNPATH_SEARCH_PATHS = "$(inherited) @executable_path/Frameworks";
				PRODUCT_BUNDLE_IDENTIFIER = NativeTech.JustGrow;
				PRODUCT_NAME = "$(TARGET_NAME)";
				SWIFT_VERSION = 3.0;
			};
			name = Debug;
		};
		4F0996711F9A430800C68628 /* Release */ = {
			isa = XCBuildConfiguration;
			buildSettings = {
				ASSETCATALOG_COMPILER_APPICON_NAME = AppIcon;
				DEVELOPMENT_TEAM = 6BY3HBVP6M;
				INFOPLIST_FILE = JustGrow/Info.plist;
				IPHONEOS_DEPLOYMENT_TARGET = 11.0;
				LD_RUNPATH_SEARCH_PATHS = "$(inherited) @executable_path/Frameworks";
				PRODUCT_BUNDLE_IDENTIFIER = NativeTech.JustGrow;
				PRODUCT_NAME = "$(TARGET_NAME)";
				SWIFT_VERSION = 3.0;
			};
			name = Release;
		};
		4F0996731F9A430800C68628 /* Debug */ = {
			isa = XCBuildConfiguration;
			buildSettings = {
				ALWAYS_EMBED_SWIFT_STANDARD_LIBRARIES = YES;
				BUNDLE_LOADER = "$(TEST_HOST)";
				INFOPLIST_FILE = JustGrowTests/Info.plist;
				LD_RUNPATH_SEARCH_PATHS = "$(inherited) @executable_path/Frameworks @loader_path/Frameworks";
				PRODUCT_BUNDLE_IDENTIFIER = NativeTech.JustGrowTests;
				PRODUCT_NAME = "$(TARGET_NAME)";
				SWIFT_VERSION = 3.0;
				TEST_HOST = "$(BUILT_PRODUCTS_DIR)/JustGrow.app/JustGrow";
			};
			name = Debug;
		};
		4F0996741F9A430800C68628 /* Release */ = {
			isa = XCBuildConfiguration;
			buildSettings = {
				ALWAYS_EMBED_SWIFT_STANDARD_LIBRARIES = YES;
				BUNDLE_LOADER = "$(TEST_HOST)";
				INFOPLIST_FILE = JustGrowTests/Info.plist;
				LD_RUNPATH_SEARCH_PATHS = "$(inherited) @executable_path/Frameworks @loader_path/Frameworks";
				PRODUCT_BUNDLE_IDENTIFIER = NativeTech.JustGrowTests;
				PRODUCT_NAME = "$(TARGET_NAME)";
				SWIFT_VERSION = 3.0;
				TEST_HOST = "$(BUILT_PRODUCTS_DIR)/JustGrow.app/JustGrow";
			};
			name = Release;
		};
		4F0996761F9A430800C68628 /* Debug */ = {
			isa = XCBuildConfiguration;
			buildSettings = {
				ALWAYS_EMBED_SWIFT_STANDARD_LIBRARIES = YES;
				INFOPLIST_FILE = JustGrowUITests/Info.plist;
				LD_RUNPATH_SEARCH_PATHS = "$(inherited) @executable_path/Frameworks @loader_path/Frameworks";
				PRODUCT_BUNDLE_IDENTIFIER = NativeTech.JustGrowUITests;
				PRODUCT_NAME = "$(TARGET_NAME)";
				SWIFT_VERSION = 3.0;
				TEST_TARGET_NAME = JustGrow;
			};
			name = Debug;
		};
		4F0996771F9A430800C68628 /* Release */ = {
			isa = XCBuildConfiguration;
			buildSettings = {
				ALWAYS_EMBED_SWIFT_STANDARD_LIBRARIES = YES;
				INFOPLIST_FILE = JustGrowUITests/Info.plist;
				LD_RUNPATH_SEARCH_PATHS = "$(inherited) @executable_path/Frameworks @loader_path/Frameworks";
				PRODUCT_BUNDLE_IDENTIFIER = NativeTech.JustGrowUITests;
				PRODUCT_NAME = "$(TARGET_NAME)";
				SWIFT_VERSION = 3.0;
				TEST_TARGET_NAME = JustGrow;
			};
			name = Release;
		};
/* End XCBuildConfiguration section */

/* Begin XCConfigurationList section */
		4F0996421F9A430800C68628 /* Build configuration list for PBXProject "JustGrow" */ = {
			isa = XCConfigurationList;
			buildConfigurations = (
				4F09966D1F9A430800C68628 /* Debug */,
				4F09966E1F9A430800C68628 /* Release */,
			);
			defaultConfigurationIsVisible = 0;
			defaultConfigurationName = Release;
		};
		4F09966F1F9A430800C68628 /* Build configuration list for PBXNativeTarget "JustGrow" */ = {
			isa = XCConfigurationList;
			buildConfigurations = (
				4F0996701F9A430800C68628 /* Debug */,
				4F0996711F9A430800C68628 /* Release */,
			);
			defaultConfigurationIsVisible = 0;
			defaultConfigurationName = Release;
		};
		4F0996721F9A430800C68628 /* Build configuration list for PBXNativeTarget "JustGrowTests" */ = {
			isa = XCConfigurationList;
			buildConfigurations = (
				4F0996731F9A430800C68628 /* Debug */,
				4F0996741F9A430800C68628 /* Release */,
			);
			defaultConfigurationIsVisible = 0;
			defaultConfigurationName = Release;
		};
		4F0996751F9A430800C68628 /* Build configuration list for PBXNativeTarget "JustGrowUITests" */ = {
			isa = XCConfigurationList;
			buildConfigurations = (
				4F0996761F9A430800C68628 /* Debug */,
				4F0996771F9A430800C68628 /* Release */,
			);
			defaultConfigurationIsVisible = 0;
			defaultConfigurationName = Release;
		};
/* End XCConfigurationList section */
	};
	rootObject = 4F09963F1F9A430800C68628 /* Project object */;
}
